Microsoft Visual Studio Solution File, Format Version 11.00
# Visual C++ Express 2010
Project("{8BC9CEB8-8B4A-11D0-8D11-00A0C91BC942}") = "Kop32", "Kop32.vcxproj", "{995EAF8A-573C-4C07-995A-75C0254757ED}"
EndProject
Global
	GlobalSection(SolutionConfigurationPlatforms) = preSolution
		Debug|Win32 = Debug|Win32
		Release|Win32 = Release|Win32
	EndGlobalSection
	GlobalSection(ProjectConfigurationPlatforms) = postSolution
		{995EAF8A-573C-4C07-995A-75C0254757ED}.Debug|Win32.ActiveCfg = Debug|Win32
		{995EAF8A-573C-4C07-995A-75C0254757ED}.Debug|Win32.Build.0 = Debug|Win32
		{995EAF8A-573C-4C07-995A-75C0254757ED}.Release|Win32.ActiveCfg = Release|Win32
		{995EAF8A-573C-4C07-995A-75C0254757ED}.Release|Win32.Build.0 = Release|Win32
	EndGlobalSection
	GlobalSection(SolutionProperties) = preSolution
		HideSolutionNode = FALSE
	EndGlobalSection
EndGlobal
